
Microsoft Visual Studio Solution File, Format Version 12.00
# Visual Studio 15
VisualStudioVersion = 15.0.27703.2035
MinimumVisualStudioVersion = 10.0.40219.1
Project("{FAE04EC0-301F-11D3-BF4B-00C04F79EFBC}") = "MVCAzureRedisCache", "MVCAzureRedisCache\MVCAzureRedisCache.csproj", "{AE5E6F6A-5238-498B-AD28-47B66D99D0C0}"
EndProject
Global
	GlobalSection(SolutionConfigurationPlatforms) = preSolution
		Debug|Any CPU = Debug|Any CPU
		Release|Any CPU = Release|Any CPU
	EndGlobalSection
	GlobalSection(ProjectConfigurationPlatforms) = postSolution
		{AE5E6F6A-5238-498B-AD28-47B66D99D0C0}.Debug|Any CPU.ActiveCfg = Debug|Any CPU
		{AE5E6F6A-5238-498B-AD28-47B66D99D0C0}.Debug|Any CPU.Build.0 = Debug|Any CPU
		{AE5E6F6A-5238-498B-AD28-47B66D99D0C0}.Release|Any CPU.ActiveCfg = Release|Any CPU
		{AE5E6F6A-5238-498B-AD28-47B66D99D0C0}.Release|Any CPU.Build.0 = Release|Any CPU
	EndGlobalSection
	GlobalSection(SolutionProperties) = preSolution
		HideSolutionNode = FALSE
	EndGlobalSection
	GlobalSection(ExtensibilityGlobals) = postSolution
		SolutionGuid = {BE103786-CA55-4388-86D8-E12FEC505B52}
	EndGlobalSection
EndGlobal
